
Microsoft Visual Studio Solution File, Format Version 12.00
# Visual Studio 15
Project("{FAE04EC0-301F-11D3-BF4B-00C04F79EFBC}") = "TestSolution", "TestSolution\TestSolution.csproj", "{13B11634-E191-4CF8-8049-C69A6F268057}"
EndProject
Global
	GlobalSection(SolutionConfigurationPlatforms) = preSolution
		Debug|anycpu = Debug|anycpu
		Release|anycpu = Release|anycpu
	EndGlobalSection
	GlobalSection(ProjectConfigurationPlatforms) = postSolution
		{13B11634-E191-4CF8-8049-C69A6F268057}.Debug|anycpu.ActiveCfg = Debug|anycpu
		{13B11634-E191-4CF8-8049-C69A6F268057}.Debug|anycpu.Build.0 = Debug|anycpu
		{13B11634-E191-4CF8-8049-C69A6F268057}.Release|anycpu.ActiveCfg = Release|anycpu
		{13B11634-E191-4CF8-8049-C69A6F268057}.Release|anycpu.Build.0 = Release|anycpu
	EndGlobalSection
EndGlobal
